
Microsoft Visual Studio Solution File, Format Version 12.00
# Visual Studio 2015
Project("{FAE04EC0-301F-11D3-BF4B-00C04F79EFBC}") = "Kinect", "Kinect.csproj", "{F99B6B7E-7C2E-6DB8-4BB2-92F3E012927D}"
EndProject
Global
	GlobalSection(SolutionConfigurationPlatforms) = preSolution
		Debug|Any CPU = Debug|Any CPU
		Release|Any CPU = Release|Any CPU
	EndGlobalSection
	GlobalSection(ProjectConfigurationPlatforms) = postSolution
		{F99B6B7E-7C2E-6DB8-4BB2-92F3E012927D}.Debug|Any CPU.ActiveCfg = Debug|Any CPU
		{F99B6B7E-7C2E-6DB8-4BB2-92F3E012927D}.Debug|Any CPU.Build.0 = Debug|Any CPU
		{F99B6B7E-7C2E-6DB8-4BB2-92F3E012927D}.Release|Any CPU.ActiveCfg = Release|Any CPU
		{F99B6B7E-7C2E-6DB8-4BB2-92F3E012927D}.Release|Any CPU.Build.0 = Release|Any CPU
	EndGlobalSection
	GlobalSection(SolutionProperties) = preSolution
		HideSolutionNode = FALSE
	EndGlobalSection
EndGlobal
